
Microsoft Visual Studio Solution File, Format Version 12.00
# Visual Studio Version 17
VisualStudioVersion = 17.0.32126.317
MinimumVisualStudioVersion = 10.0.40219.1
Project("{FAE04EC0-301F-11D3-BF4B-00C04F79EFBC}") = "ConsoleApp1.ExercicioUmListaDois", "ConsoleApp1.ExercicioUmListaDois\ConsoleApp1.ExercicioUmListaDois.csproj", "{B225F270-7280-4EF3-BFEC-E102074299F7}"
EndProject
Global
	GlobalSection(SolutionConfigurationPlatforms) = preSolution
		Debug|Any CPU = Debug|Any CPU
		Release|Any CPU = Release|Any CPU
	EndGlobalSection
	GlobalSection(ProjectConfigurationPlatforms) = postSolution
		{B225F270-7280-4EF3-BFEC-E102074299F7}.Debug|Any CPU.ActiveCfg = Debug|Any CPU
		{B225F270-7280-4EF3-BFEC-E102074299F7}.Debug|Any CPU.Build.0 = Debug|Any CPU
		{B225F270-7280-4EF3-BFEC-E102074299F7}.Release|Any CPU.ActiveCfg = Release|Any CPU
		{B225F270-7280-4EF3-BFEC-E102074299F7}.Release|Any CPU.Build.0 = Release|Any CPU
	EndGlobalSection
	GlobalSection(SolutionProperties) = preSolution
		HideSolutionNode = FALSE
	EndGlobalSection
	GlobalSection(ExtensibilityGlobals) = postSolution
		SolutionGuid = {DDFE4E7E-3295-4933-8D3F-D2A4B206A743}
	EndGlobalSection
EndGlobal
